
Microsoft Visual Studio Solution File, Format Version 12.00
# Visual Studio 2013
VisualStudioVersion = 12.0.31101.0
MinimumVisualStudioVersion = 10.0.40219.1
Project("{FAE04EC0-301F-11D3-BF4B-00C04F79EFBC}") = "benchmark-itextsharp-pdf-from-html-thumb", "benchmark-itextsharp-pdf-from-html-thumb.csproj", "{57D65A61-5D96-4ED0-8780-E650E8E2F897}"
EndProject
Global
	GlobalSection(SolutionConfigurationPlatforms) = preSolution
		Debug|Any CPU = Debug|Any CPU
		Release|Any CPU = Release|Any CPU
	EndGlobalSection
	GlobalSection(ProjectConfigurationPlatforms) = postSolution
		{57D65A61-5D96-4ED0-8780-E650E8E2F897}.Debug|Any CPU.ActiveCfg = Debug|Any CPU
		{57D65A61-5D96-4ED0-8780-E650E8E2F897}.Debug|Any CPU.Build.0 = Debug|Any CPU
		{57D65A61-5D96-4ED0-8780-E650E8E2F897}.Release|Any CPU.ActiveCfg = Release|Any CPU
		{57D65A61-5D96-4ED0-8780-E650E8E2F897}.Release|Any CPU.Build.0 = Release|Any CPU
	EndGlobalSection
	GlobalSection(SolutionProperties) = preSolution
		HideSolutionNode = FALSE
	EndGlobalSection
EndGlobal
